
Microsoft Visual Studio Solution File, Format Version 12.00
# Visual Studio 15
VisualStudioVersion = 15.0.28307.168
MinimumVisualStudioVersion = 10.0.40219.1
Project("{FAE04EC0-301F-11D3-BF4B-00C04F79EFBC}") = "FunSmaillin.App", "..\FunSmaillin.App\FunSmaillin.App.csproj", "{D8AABFBE-9140-4E48-BAAF-B9BD8DCEF8AA}"
EndProject
Project("{FAE04EC0-301F-11D3-BF4B-00C04F79EFBC}") = "FunSmaillin.Framework", "FunSmaillin.Framework\FunSmaillin.Framework.csproj", "{4ED5FC20-8318-4306-8FBA-42581913C5BC}"
EndProject
Global
	GlobalSection(SolutionConfigurationPlatforms) = preSolution
		Debug|Any CPU = Debug|Any CPU
		Release|Any CPU = Release|Any CPU
	EndGlobalSection
	GlobalSection(ProjectConfigurationPlatforms) = postSolution
		{D8AABFBE-9140-4E48-BAAF-B9BD8DCEF8AA}.Debug|Any CPU.ActiveCfg = Debug|Any CPU
		{D8AABFBE-9140-4E48-BAAF-B9BD8DCEF8AA}.Debug|Any CPU.Build.0 = Debug|Any CPU
		{D8AABFBE-9140-4E48-BAAF-B9BD8DCEF8AA}.Release|Any CPU.ActiveCfg = Release|Any CPU
		{D8AABFBE-9140-4E48-BAAF-B9BD8DCEF8AA}.Release|Any CPU.Build.0 = Release|Any CPU
		{4ED5FC20-8318-4306-8FBA-42581913C5BC}.Debug|Any CPU.ActiveCfg = Debug|Any CPU
		{4ED5FC20-8318-4306-8FBA-42581913C5BC}.Debug|Any CPU.Build.0 = Debug|Any CPU
		{4ED5FC20-8318-4306-8FBA-42581913C5BC}.Release|Any CPU.ActiveCfg = Release|Any CPU
		{4ED5FC20-8318-4306-8FBA-42581913C5BC}.Release|Any CPU.Build.0 = Release|Any CPU
	EndGlobalSection
	GlobalSection(SolutionProperties) = preSolution
		HideSolutionNode = FALSE
	EndGlobalSection
	GlobalSection(ExtensibilityGlobals) = postSolution
		SolutionGuid = {CE1878D0-13D5-47B8-ABC3-05FC9E359E1B}
	EndGlobalSection
EndGlobal
